
Microsoft Visual Studio Solution File, Format Version 12.00
# Visual Studio Version 17
VisualStudioVersion = 17.8.34330.188
MinimumVisualStudioVersion = 10.0.40219.1
Project("{2150E333-8FDC-42A3-9474-1A3956D46DE8}") = "Services", "Services", "{FA1C2327-E84B-41CA-B4B8-2BA649712BA5}"
EndProject
Project("{2150E333-8FDC-42A3-9474-1A3956D46DE8}") = "Catalog", "Catalog", "{47211F7B-B45A-40AC-8066-215054611E64}"
EndProject
Project("{9A19103F-16F7-4668-BE54-9A1E7A4F7556}") = "Catalog.API", "Services\Catalog\Catalog.API\Catalog.API.csproj", "{5811E11D-3F9D-49E0-A88D-9FA6E95C87B7}"
EndProject
Project("{E53339B2-1760-4266-BCC7-CA923CBCF16C}") = "docker-compose", "docker-compose.dcproj", "{7D5FC1A5-DDD7-4C1C-98BC-3D0F7BCD0256}"
EndProject
Project("{2150E333-8FDC-42A3-9474-1A3956D46DE8}") = "Basket", "Basket", "{43D291DC-9318-4EE6-93C0-4257E5CBB1FA}"
EndProject
Project("{9A19103F-16F7-4668-BE54-9A1E7A4F7556}") = "Basket.API", "Services\Basket\Basket.API\Basket.API.csproj", "{173492A3-EB7F-4E97-ACA9-9CF47CC61C41}"
EndProject
Project("{2150E333-8FDC-42A3-9474-1A3956D46DE8}") = "Discount", "Discount", "{15B2D03B-9A43-41F8-88E3-2A3D3B7C1CF0}"
EndProject
Project("{FAE04EC0-301F-11D3-BF4B-00C04F79EFBC}") = "Discount.API", "Services\Discount\Discount.API\Discount.API.csproj", "{2E88D8D5-191C-4D9C-9A8D-70335F9873D3}"
EndProject
Global
	GlobalSection(SolutionConfigurationPlatforms) = preSolution
		Debug|Any CPU = Debug|Any CPU
		Release|Any CPU = Release|Any CPU
	EndGlobalSection
	GlobalSection(ProjectConfigurationPlatforms) = postSolution
		{5811E11D-3F9D-49E0-A88D-9FA6E95C87B7}.Debug|Any CPU.ActiveCfg = Debug|Any CPU
		{5811E11D-3F9D-49E0-A88D-9FA6E95C87B7}.Debug|Any CPU.Build.0 = Debug|Any CPU
		{5811E11D-3F9D-49E0-A88D-9FA6E95C87B7}.Release|Any CPU.ActiveCfg = Release|Any CPU
		{5811E11D-3F9D-49E0-A88D-9FA6E95C87B7}.Release|Any CPU.Build.0 = Release|Any CPU
		{7D5FC1A5-DDD7-4C1C-98BC-3D0F7BCD0256}.Debug|Any CPU.ActiveCfg = Debug|Any CPU
		{7D5FC1A5-DDD7-4C1C-98BC-3D0F7BCD0256}.Debug|Any CPU.Build.0 = Debug|Any CPU
		{7D5FC1A5-DDD7-4C1C-98BC-3D0F7BCD0256}.Release|Any CPU.ActiveCfg = Release|Any CPU
		{7D5FC1A5-DDD7-4C1C-98BC-3D0F7BCD0256}.Release|Any CPU.Build.0 = Release|Any CPU
		{173492A3-EB7F-4E97-ACA9-9CF47CC61C41}.Debug|Any CPU.ActiveCfg = Debug|Any CPU
		{173492A3-EB7F-4E97-ACA9-9CF47CC61C41}.Debug|Any CPU.Build.0 = Debug|Any CPU
		{173492A3-EB7F-4E97-ACA9-9CF47CC61C41}.Release|Any CPU.ActiveCfg = Release|Any CPU
		{173492A3-EB7F-4E97-ACA9-9CF47CC61C41}.Release|Any CPU.Build.0 = Release|Any CPU
		{2E88D8D5-191C-4D9C-9A8D-70335F9873D3}.Debug|Any CPU.ActiveCfg = Debug|Any CPU
		{2E88D8D5-191C-4D9C-9A8D-70335F9873D3}.Debug|Any CPU.Build.0 = Debug|Any CPU
		{2E88D8D5-191C-4D9C-9A8D-70335F9873D3}.Release|Any CPU.ActiveCfg = Release|Any CPU
		{2E88D8D5-191C-4D9C-9A8D-70335F9873D3}.Release|Any CPU.Build.0 = Release|Any CPU
	EndGlobalSection
	GlobalSection(SolutionProperties) = preSolution
		HideSolutionNode = FALSE
	EndGlobalSection
	GlobalSection(NestedProjects) = preSolution
		{47211F7B-B45A-40AC-8066-215054611E64} = {FA1C2327-E84B-41CA-B4B8-2BA649712BA5}
		{5811E11D-3F9D-49E0-A88D-9FA6E95C87B7} = {47211F7B-B45A-40AC-8066-215054611E64}
		{43D291DC-9318-4EE6-93C0-4257E5CBB1FA} = {FA1C2327-E84B-41CA-B4B8-2BA649712BA5}
		{173492A3-EB7F-4E97-ACA9-9CF47CC61C41} = {43D291DC-9318-4EE6-93C0-4257E5CBB1FA}
		{15B2D03B-9A43-41F8-88E3-2A3D3B7C1CF0} = {FA1C2327-E84B-41CA-B4B8-2BA649712BA5}
		{2E88D8D5-191C-4D9C-9A8D-70335F9873D3} = {15B2D03B-9A43-41F8-88E3-2A3D3B7C1CF0}
	EndGlobalSection
	GlobalSection(ExtensibilityGlobals) = postSolution
		SolutionGuid = {3A4FF098-949E-4F71-A189-641BFEF53468}
	EndGlobalSection
EndGlobal
